
Microsoft Visual Studio Solution File, Format Version 12.00
# Visual Studio Version 16
VisualStudioVersion = 16.0.31624.102
MinimumVisualStudioVersion = 10.0.40219.1
Project("{FAE04EC0-301F-11D3-BF4B-00C04F79EFBC}") = "ExemplosProjeto", "ExemplosProjeto\ExemplosProjeto.csproj", "{CF0CB5E9-D682-4594-A93A-26B04DB4BA0B}"
EndProject
Global
	GlobalSection(SolutionConfigurationPlatforms) = preSolution
		Debug|Any CPU = Debug|Any CPU
		Release|Any CPU = Release|Any CPU
	EndGlobalSection
	GlobalSection(ProjectConfigurationPlatforms) = postSolution
		{CF0CB5E9-D682-4594-A93A-26B04DB4BA0B}.Debug|Any CPU.ActiveCfg = Debug|Any CPU
		{CF0CB5E9-D682-4594-A93A-26B04DB4BA0B}.Debug|Any CPU.Build.0 = Debug|Any CPU
		{CF0CB5E9-D682-4594-A93A-26B04DB4BA0B}.Release|Any CPU.ActiveCfg = Release|Any CPU
		{CF0CB5E9-D682-4594-A93A-26B04DB4BA0B}.Release|Any CPU.Build.0 = Release|Any CPU
	EndGlobalSection
	GlobalSection(SolutionProperties) = preSolution
		HideSolutionNode = FALSE
	EndGlobalSection
	GlobalSection(ExtensibilityGlobals) = postSolution
		SolutionGuid = {FD313FA6-F13C-4B21-8C4C-CFBDA3984BB0}
	EndGlobalSection
EndGlobal
