
Microsoft Visual Studio Solution File, Format Version 12.00
# Visual Studio Version 16
VisualStudioVersion = 16.0.31624.102
MinimumVisualStudioVersion = 10.0.40219.1
Project("{FAE04EC0-301F-11D3-BF4B-00C04F79EFBC}") = "MetodosCsharp", "MetodosCsharp\MetodosCsharp.csproj", "{83AF6490-0538-434B-9654-4927AD8A0829}"
EndProject
Global
	GlobalSection(SolutionConfigurationPlatforms) = preSolution
		Debug|Any CPU = Debug|Any CPU
		Release|Any CPU = Release|Any CPU
	EndGlobalSection
	GlobalSection(ProjectConfigurationPlatforms) = postSolution
		{83AF6490-0538-434B-9654-4927AD8A0829}.Debug|Any CPU.ActiveCfg = Debug|Any CPU
		{83AF6490-0538-434B-9654-4927AD8A0829}.Debug|Any CPU.Build.0 = Debug|Any CPU
		{83AF6490-0538-434B-9654-4927AD8A0829}.Release|Any CPU.ActiveCfg = Release|Any CPU
		{83AF6490-0538-434B-9654-4927AD8A0829}.Release|Any CPU.Build.0 = Release|Any CPU
	EndGlobalSection
	GlobalSection(SolutionProperties) = preSolution
		HideSolutionNode = FALSE
	EndGlobalSection
	GlobalSection(ExtensibilityGlobals) = postSolution
		SolutionGuid = {BF8F4825-5CED-44F4-BA43-0665956D6A11}
	EndGlobalSection
EndGlobal
