
Microsoft Visual Studio Solution File, Format Version 12.00
# Visual Studio Version 16
VisualStudioVersion = 16.0.31624.102
MinimumVisualStudioVersion = 10.0.40219.1
Project("{FAE04EC0-301F-11D3-BF4B-00C04F79EFBC}") = "EscopoVariavel", "EscopoVariavel\EscopoVariavel.csproj", "{674E1672-70E8-41DC-83D9-925BB697D3C0}"
EndProject
Global
	GlobalSection(SolutionConfigurationPlatforms) = preSolution
		Debug|Any CPU = Debug|Any CPU
		Release|Any CPU = Release|Any CPU
	EndGlobalSection
	GlobalSection(ProjectConfigurationPlatforms) = postSolution
		{674E1672-70E8-41DC-83D9-925BB697D3C0}.Debug|Any CPU.ActiveCfg = Debug|Any CPU
		{674E1672-70E8-41DC-83D9-925BB697D3C0}.Debug|Any CPU.Build.0 = Debug|Any CPU
		{674E1672-70E8-41DC-83D9-925BB697D3C0}.Release|Any CPU.ActiveCfg = Release|Any CPU
		{674E1672-70E8-41DC-83D9-925BB697D3C0}.Release|Any CPU.Build.0 = Release|Any CPU
	EndGlobalSection
	GlobalSection(SolutionProperties) = preSolution
		HideSolutionNode = FALSE
	EndGlobalSection
	GlobalSection(ExtensibilityGlobals) = postSolution
		SolutionGuid = {15E0838E-4B90-4FEF-9120-646F0E670945}
	EndGlobalSection
EndGlobal
